{
  "lockfileVersion": 1,
  "configVersion": 1,
  "workspaces": {
    "": {
      "name": "atelier-system",
      "dependencies": {
        "@hotwired/stimulus": "github:hotwired/dev-builds#339df548999c34d440e04c24b59ad9dc57ce3eb1",
        "typebox": "^1.0.57",
      },
    },
  },
  "packages": {
    "@hotwired/stimulus": ["@hotwired/stimulus@github:hotwired/dev-builds#339df54", {}, "hotwired-dev-builds-339df54", "sha512-mHNF9l1AaFMwHph9F+E6H9/MOtt8gIPSyNKMJELZOfYlh9rdmfmgXu6+EmC1NfjcA0tc6u+xn8PDoOjSzc9SGw=="],

    "typebox": ["typebox@1.3.31", "", {}, "sha512-7++UxOb7lAJbJ8pbhN2Yl/ljadShbHZ6GQwst/YEUAlVh1nP8LqYpC2t+R1VysunFpmDffDzhZRsvGchx0PqUA=="],
  }
}
